// !$*UTF8*$!
{
	archiveVersion = 1;
	classes = {
	};
	objectVersion = 46;
	objects = {

/* Begin PBXBuildFile section */
		8F0F62F7225BF897D1AF3E11 /* libPods-Sunsal.a in Frameworks */ = {isa = PBXBuildFile; fileRef = 92C75EC1253F622CDDC3E0D8 /* libPods-Sunsal.a */; };
		BD148ACB1A0B98330004713E /* MainViewController.swift in Sources */ = {isa = PBXBuildFile; fileRef = BD148ACA1A0B98330004713E /* MainViewController.swift */; };
		BD148ACD1A0BA1D80004713E /* OnlineJudgeViewController.swift in Sources */ = {isa = PBXBuildFile; fileRef = BD148ACC1A0BA1D80004713E /* OnlineJudgeViewController.swift */; };
		BD4007801A10DE5E00FE2BA7 /* codershigh.json in Resources */ = {isa = PBXBuildFile; fileRef = BD40077F1A10DE5E00FE2BA7 /* codershigh.json */; };
		BDC57BCF1A0B91B600C1BFC0 /* AppDelegate.swift in Sources */ = {isa = PBXBuildFile; fileRef = BDC57BCE1A0B91B600C1BFC0 /* AppDelegate.swift */; };
		BDC57BD41A0B91B600C1BFC0 /* Main.storyboard in Resources */ = {isa = PBXBuildFile; fileRef = BDC57BD21A0B91B600C1BFC0 /* Main.storyboard */; };
		BDC57BD61A0B91B600C1BFC0 /* Images.xcassets in Resources */ = {isa = PBXBuildFile; fileRef = BDC57BD51A0B91B600C1BFC0 /* Images.xcassets */; };
		BDC57BD91A0B91B600C1BFC0 /* LaunchScreen.xib in Resources */ = {isa = PBXBuildFile; fileRef = BDC57BD71A0B91B600C1BFC0 /* LaunchScreen.xib */; };
		BDC57BE51A0B91B600C1BFC0 /* SunsalTests.swift in Sources */ = {isa = PBXBuildFile; fileRef = BDC57BE41A0B91B600C1BFC0 /* SunsalTests.swift */; };
		BDD1E9E11A35BD2500CC4790 /* AlbumManager.swift in Sources */ = {isa = PBXBuildFile; fileRef = BD40077D1A10DC5700FE2BA7 /* AlbumManager.swift */; };
/* End PBXBuildFile section */

/* Begin PBXContainerItemProxy section */
		BDC57BDF1A0B91B600C1BFC0 /* PBXContainerItemProxy */ = {
			isa = PBXContainerItemProxy;
			containerPortal = BDC57BC11A0B91B600C1BFC0 /* Project object */;
			proxyType = 1;
			remoteGlobalIDString = BDC57BC81A0B91B600C1BFC0;
			remoteInfo = Sunsal;
		};
/* End PBXContainerItemProxy section */

/* Begin PBXFileReference section */
		3CE9B77EDC36F913CD2E89E0 /* Pods-Sunsal.debug.xcconfig */ = {isa = PBXFileReference; includeInIndex = 1; lastKnownFileType = text.xcconfig; name = "Pods-Sunsal.debug.xcconfig"; path = "Pods/Target Support Files/Pods-Sunsal/Pods-Sunsal.debug.xcconfig"; sourceTree = "<group>"; };
		6371EE085A46692F8B135FEA /* Pods-Sunsal.release.xcconfig */ = {isa = PBXFileReference; includeInIndex = 1; lastKnownFileType = text.xcconfig; name = "Pods-Sunsal.release.xcconfig"; path = "Pods/Target Support Files/Pods-Sunsal/Pods-Sunsal.release.xcconfig"; sourceTree = "<group>"; };
		92C75EC1253F622CDDC3E0D8 /* libPods-Sunsal.a */ = {isa = PBXFileReference; explicitFileType = archive.ar; includeInIndex = 0; path = "libPods-Sunsal.a"; sourceTree = BUILT_PRODUCTS_DIR; };
		BD148AC61A0B97C10004713E /* Sunsal-Bridging-Header.h */ = {isa = PBXFileReference; lastKnownFileType = sourcecode.c.h; path = "Sunsal-Bridging-Header.h"; sourceTree = "<group>"; };
		BD148ACA1A0B98330004713E /* MainViewController.swift */ = {isa = PBXFileReference; fileEncoding = 4; lastKnownFileType = sourcecode.swift; path = MainViewController.swift; sourceTree = "<group>"; };
		BD148ACC1A0BA1D80004713E /* OnlineJudgeViewController.swift */ = {isa = PBXFileReference; fileEncoding = 4; lastKnownFileType = sourcecode.swift; path = OnlineJudgeViewController.swift; sourceTree = "<group>"; };
		BD40077D1A10DC5700FE2BA7 /* AlbumManager.swift */ = {isa = PBXFileReference; fileEncoding = 4; lastKnownFileType = sourcecode.swift; path = AlbumManager.swift; sourceTree = "<group>"; };
		BD40077F1A10DE5E00FE2BA7 /* codershigh.json */ = {isa = PBXFileReference; fileEncoding = 4; lastKnownFileType = text.json; path = codershigh.json; sourceTree = "<group>"; };
		BDC57BC91A0B91B600C1BFC0 /* Sunsal.app */ = {isa = PBXFileReference; explicitFileType = wrapper.application; includeInIndex = 0; path = Sunsal.app; sourceTree = BUILT_PRODUCTS_DIR; };
		BDC57BCD1A0B91B600C1BFC0 /* Info.plist */ = {isa = PBXFileReference; lastKnownFileType = text.plist.xml; path = Info.plist; sourceTree = "<group>"; };
		BDC57BCE1A0B91B600C1BFC0 /* AppDelegate.swift */ = {isa = PBXFileReference; lastKnownFileType = sourcecode.swift; path = AppDelegate.swift; sourceTree = "<group>"; };
		BDC57BD31A0B91B600C1BFC0 /* Base */ = {isa = PBXFileReference; lastKnownFileType = file.storyboard; name = Base; path = Base.lproj/Main.storyboard; sourceTree = "<group>"; };
		BDC57BD51A0B91B600C1BFC0 /* Images.xcassets */ = {isa = PBXFileReference; lastKnownFileType = folder.assetcatalog; path = Images.xcassets; sourceTree = "<group>"; };
		BDC57BD81A0B91B600C1BFC0 /* Base */ = {isa = PBXFileReference; lastKnownFileType = file.xib; name = Base; path = Base.lproj/LaunchScreen.xib; sourceTree = "<group>"; };
		BDC57BDE1A0B91B600C1BFC0 /* SunsalTests.xctest */ = {isa = PBXFileReference; explicitFileType = wrapper.cfbundle; includeInIndex = 0; path = SunsalTests.xctest; sourceTree = BUILT_PRODUCTS_DIR; };
		BDC57BE31A0B91B600C1BFC0 /* Info.plist */ = {isa = PBXFileReference; lastKnownFileType = text.plist.xml; path = Info.plist; sourceTree = "<group>"; };
		BDC57BE41A0B91B600C1BFC0 /* SunsalTests.swift */ = {isa = PBXFileReference; lastKnownFileType = sourcecode.swift; path = SunsalTests.swift; sourceTree = "<group>"; };
/* End PBXFileReference section */

/* Begin PBXFrameworksBuildPhase section */
		BDC57BC61A0B91B600C1BFC0 /* Frameworks */ = {
			isa = PBXFrameworksBuildPhase;
			buildActionMask = 2147483647;
			files = (
				8F0F62F7225BF897D1AF3E11 /* libPods-Sunsal.a in Frameworks */,
			);
			runOnlyForDeploymentPostprocessing = 0;
		};
		BDC57BDB1A0B91B600C1BFC0 /* Frameworks */ = {
			isa = PBXFrameworksBuildPhase;
			buildActionMask = 2147483647;
			files = (
			);
			runOnlyForDeploymentPostprocessing = 0;
		};
/* End PBXFrameworksBuildPhase section */

/* Begin PBXGroup section */
		979AFB405F84171D8BC90FAC /* Frameworks */ = {
			isa = PBXGroup;
			children = (
				92C75EC1253F622CDDC3E0D8 /* libPods-Sunsal.a */,
			);
			name = Frameworks;
			sourceTree = "<group>";
		};
		B8AA3DB00C5B3EBA41F4A778 /* Pods */ = {
			isa = PBXGroup;
			children = (
				3CE9B77EDC36F913CD2E89E0 /* Pods-Sunsal.debug.xcconfig */,
				6371EE085A46692F8B135FEA /* Pods-Sunsal.release.xcconfig */,
			);
			name = Pods;
			sourceTree = "<group>";
		};
		BDC57BC01A0B91B600C1BFC0 = {
			isa = PBXGroup;
			children = (
				BDC57BCB1A0B91B600C1BFC0 /* Sunsal */,
				BDC57BE11A0B91B600C1BFC0 /* SunsalTests */,
				BDC57BCA1A0B91B600C1BFC0 /* Products */,
				B8AA3DB00C5B3EBA41F4A778 /* Pods */,
				979AFB405F84171D8BC90FAC /* Frameworks */,
			);
			sourceTree = "<group>";
		};
		BDC57BCA1A0B91B600C1BFC0 /* Products */ = {
			isa = PBXGroup;
			children = (
				BDC57BC91A0B91B600C1BFC0 /* Sunsal.app */,
				BDC57BDE1A0B91B600C1BFC0 /* SunsalTests.xctest */,
			);
			name = Products;
			sourceTree = "<group>";
		};
		BDC57BCB1A0B91B600C1BFC0 /* Sunsal */ = {
			isa = PBXGroup;
			children = (
				BDC57BCE1A0B91B600C1BFC0 /* AppDelegate.swift */,
				BD148ACA1A0B98330004713E /* MainViewController.swift */,
				BD148ACC1A0BA1D80004713E /* OnlineJudgeViewController.swift */,
				BD40077D1A10DC5700FE2BA7 /* AlbumManager.swift */,
				BDC57BD21A0B91B600C1BFC0 /* Main.storyboard */,
				BDC57BD51A0B91B600C1BFC0 /* Images.xcassets */,
				BDC57BD71A0B91B600C1BFC0 /* LaunchScreen.xib */,
				BD40077F1A10DE5E00FE2BA7 /* codershigh.json */,
				BDC57BCC1A0B91B600C1BFC0 /* Supporting Files */,
				BD148AC61A0B97C10004713E /* Sunsal-Bridging-Header.h */,
			);
			path = Sunsal;
			sourceTree = "<group>";
		};
		BDC57BCC1A0B91B600C1BFC0 /* Supporting Files */ = {
			isa = PBXGroup;
			children = (
				BDC57BCD1A0B91B600C1BFC0 /* Info.plist */,
			);
			name = "Supporting Files";
			sourceTree = "<group>";
		};
		BDC57BE11A0B91B600C1BFC0 /* SunsalTests */ = {
			isa = PBXGroup;
			children = (
				BDC57BE41A0B91B600C1BFC0 /* SunsalTests.swift */,
				BDC57BE21A0B91B600C1BFC0 /* Supporting Files */,
			);
			path = SunsalTests;
			sourceTree = "<group>";
		};
		BDC57BE21A0B91B600C1BFC0 /* Supporting Files */ = {
			isa = PBXGroup;
			children = (
				BDC57BE31A0B91B600C1BFC0 /* Info.plist */,
			);
			name = "Supporting Files";
			sourceTree = "<group>";
		};
/* End PBXGroup section */

/* Begin PBXNativeTarget section */
		BDC57BC81A0B91B600C1BFC0 /* Sunsal */ = {
			isa = PBXNativeTarget;
			buildConfigurationList = BDC57BE81A0B91B600C1BFC0 /* Build configuration list for PBXNativeTarget "Sunsal" */;
			buildPhases = (
				0DF3225583BFDD0F45CD8CF2 /* Check Pods Manifest.lock */,
				BDC57BC51A0B91B600C1BFC0 /* Sources */,
				BDC57BC61A0B91B600C1BFC0 /* Frameworks */,
				BDC57BC71A0B91B600C1BFC0 /* Resources */,
				105C73147A2F2187E6803D7A /* Copy Pods Resources */,
			);
			buildRules = (
			);
			dependencies = (
			);
			name = Sunsal;
			productName = Sunsal;
			productReference = BDC57BC91A0B91B600C1BFC0 /* Sunsal.app */;
			productType = "com.apple.product-type.application";
		};
		BDC57BDD1A0B91B600C1BFC0 /* SunsalTests */ = {
			isa = PBXNativeTarget;
			buildConfigurationList = BDC57BEB1A0B91B600C1BFC0 /* Build configuration list for PBXNativeTarget "SunsalTests" */;
			buildPhases = (
				BDC57BDA1A0B91B600C1BFC0 /* Sources */,
				BDC57BDB1A0B91B600C1BFC0 /* Frameworks */,
				BDC57BDC1A0B91B600C1BFC0 /* Resources */,
			);
			buildRules = (
			);
			dependencies = (
				BDC57BE01A0B91B600C1BFC0 /* PBXTargetDependency */,
			);
			name = SunsalTests;
			productName = SunsalTests;
			productReference = BDC57BDE1A0B91B600C1BFC0 /* SunsalTests.xctest */;
			productType = "com.apple.product-type.bundle.unit-test";
		};
/* End PBXNativeTarget section */

/* Begin PBXProject section */
		BDC57BC11A0B91B600C1BFC0 /* Project object */ = {
			isa = PBXProject;
			attributes = {
				LastUpgradeCheck = 0610;
				ORGANIZATIONNAME = kims1006;
				TargetAttributes = {
					BDC57BC81A0B91B600C1BFC0 = {
						CreatedOnToolsVersion = 6.1;
					};
					BDC57BDD1A0B91B600C1BFC0 = {
						CreatedOnToolsVersion = 6.1;
						TestTargetID = BDC57BC81A0B91B600C1BFC0;
					};
				};
			};
			buildConfigurationList = BDC57BC41A0B91B600C1BFC0 /* Build configuration list for PBXProject "Sunsal" */;
			compatibilityVersion = "Xcode 3.2";
			developmentRegion = English;
			hasScannedForEncodings = 0;
			knownRegions = (
				en,
				Base,
			);
			mainGroup = BDC57BC01A0B91B600C1BFC0;
			productRefGroup = BDC57BCA1A0B91B600C1BFC0 /* Products */;
			projectDirPath = "";
			projectRoot = "";
			targets = (
				BDC57BC81A0B91B600C1BFC0 /* Sunsal */,
				BDC57BDD1A0B91B600C1BFC0 /* SunsalTests */,
			);
		};
/* End PBXProject section */

/* Begin PBXResourcesBuildPhase section */
		BDC57BC71A0B91B600C1BFC0 /* Resources */ = {
			isa = PBXResourcesBuildPhase;
			buildActionMask = 2147483647;
			files = (
				BDC57BD41A0B91B600C1BFC0 /* Main.storyboard in Resources */,
				BDC57BD91A0B91B600C1BFC0 /* LaunchScreen.xib in Resources */,
				BDC57BD61A0B91B600C1BFC0 /* Images.xcassets in Resources */,
				BD4007801A10DE5E00FE2BA7 /* codershigh.json in Resources */,
			);
			runOnlyForDeploymentPostprocessing = 0;
		};
		BDC57BDC1A0B91B600C1BFC0 /* Resources */ = {
			isa = PBXResourcesBuildPhase;
			buildActionMask = 2147483647;
			files = (
			);
			runOnlyForDeploymentPostprocessing = 0;
		};
/* End PBXResourcesBuildPhase section */

/* Begin PBXShellScriptBuildPhase section */
		0DF3225583BFDD0F45CD8CF2 /* Check Pods Manifest.lock */ = {
			isa = PBXShellScriptBuildPhase;
			buildActionMask = 2147483647;
			files = (
			);
			inputPaths = (
			);
			name = "Check Pods Manifest.lock";
			outputPaths = (
			);
			runOnlyForDeploymentPostprocessing = 0;
			shellPath = /bin/sh;
			shellScript = "diff \"${PODS_ROOT}/../Podfile.lock\" \"${PODS_ROOT}/Manifest.lock\" > /dev/null\nif [[ $? != 0 ]] ; then\n    cat << EOM\nerror: The sandbox is not in sync with the Podfile.lock. Run 'pod install' or update your CocoaPods installation.\nEOM\n    exit 1\nfi\n";
			showEnvVarsInLog = 0;
		};
		105C73147A2F2187E6803D7A /* Copy Pods Resources */ = {
			isa = PBXShellScriptBuildPhase;
			buildActionMask = 2147483647;
			files = (
			);
			inputPaths = (
			);
			name = "Copy Pods Resources";
			outputPaths = (
			);
			runOnlyForDeploymentPostprocessing = 0;
			shellPath = /bin/sh;
			shellScript = "\"${SRCROOT}/Pods/Target Support Files/Pods-Sunsal/Pods-Sunsal-resources.sh\"\n";
			showEnvVarsInLog = 0;
		};
/* End PBXShellScriptBuildPhase section */

/* Begin PBXSourcesBuildPhase section */
		BDC57BC51A0B91B600C1BFC0 /* Sources */ = {
			isa = PBXSourcesBuildPhase;
			buildActionMask = 2147483647;
			files = (
				BD148ACD1A0BA1D80004713E /* OnlineJudgeViewController.swift in Sources */,
				BDD1E9E11A35BD2500CC4790 /* AlbumManager.swift in Sources */,
				BDC57BCF1A0B91B600C1BFC0 /* AppDelegate.swift in Sources */,
				BD148ACB1A0B98330004713E /* MainViewController.swift in Sources */,
			);
			runOnlyForDeploymentPostprocessing = 0;
		};
		BDC57BDA1A0B91B600C1BFC0 /* Sources */ = {
			isa = PBXSourcesBuildPhase;
			buildActionMask = 2147483647;
			files = (
				BDC57BE51A0B91B600C1BFC0 /* SunsalTests.swift in Sources */,
			);
			runOnlyForDeploymentPostprocessing = 0;
		};
/* End PBXSourcesBuildPhase section */

/* Begin PBXTargetDependency section */
		BDC57BE01A0B91B600C1BFC0 /* PBXTargetDependency */ = {
			isa = PBXTargetDependency;
			target = BDC57BC81A0B91B600C1BFC0 /* Sunsal */;
			targetProxy = BDC57BDF1A0B91B600C1BFC0 /* PBXContainerItemProxy */;
		};
/* End PBXTargetDependency section */

/* Begin PBXVariantGroup section */
		BDC57BD21A0B91B600C1BFC0 /* Main.storyboard */ = {
			isa = PBXVariantGroup;
			children = (
				BDC57BD31A0B91B600C1BFC0 /* Base */,
			);
			name = Main.storyboard;
			sourceTree = "<group>";
		};
		BDC57BD71A0B91B600C1BFC0 /* LaunchScreen.xib */ = {
			isa = PBXVariantGroup;
			children = (
				BDC57BD81A0B91B600C1BFC0 /* Base */,
			);
			name = LaunchScreen.xib;
			sourceTree = "<group>";
		};
/* End PBXVariantGroup section */

/* Begin XCBuildConfiguration section */
		BDC57BE61A0B91B600C1BFC0 /* Debug */ = {
			isa = XCBuildConfiguration;
			buildSettings = {
				ALWAYS_SEARCH_USER_PATHS = NO;
				CLANG_CXX_LANGUAGE_STANDARD = "gnu++0x";
				CLANG_CXX_LIBRARY = "libc++";
				CLANG_ENABLE_MODULES = YES;
				CLANG_ENABLE_OBJC_ARC = YES;
				CLANG_WARN_BOOL_CONVERSION = YES;
				CLANG_WARN_CONSTANT_CONVERSION = YES;
				CLANG_WARN_DIRECT_OBJC_ISA_USAGE = YES_ERROR;
				CLANG_WARN_EMPTY_BODY = YES;
				CLANG_WARN_ENUM_CONVERSION = YES;
				CLANG_WARN_INT_CONVERSION = YES;
				CLANG_WARN_OBJC_ROOT_CLASS = YES_ERROR;
				CLANG_WARN_UNREACHABLE_CODE = YES;
				CLANG_WARN__DUPLICATE_METHOD_MATCH = YES;
				"CODE_SIGN_IDENTITY[sdk=iphoneos*]" = "iPhone Developer";
				COPY_PHASE_STRIP = NO;
				ENABLE_STRICT_OBJC_MSGSEND = YES;
				GCC_C_LANGUAGE_STANDARD = gnu99;
				GCC_DYNAMIC_NO_PIC = NO;
				GCC_OPTIMIZATION_LEVEL = 0;
				GCC_PREPROCESSOR_DEFINITIONS = (
					"DEBUG=1",
					"$(inherited)",
				);
				GCC_SYMBOLS_PRIVATE_EXTERN = NO;
				GCC_WARN_64_TO_32_BIT_CONVERSION = YES;
				GCC_WARN_ABOUT_RETURN_TYPE = YES_ERROR;
				GCC_WARN_UNDECLARED_SELECTOR = YES;
				GCC_WARN_UNINITIALIZED_AUTOS = YES_AGGRESSIVE;
				GCC_WARN_UNUSED_FUNCTION = YES;
				GCC_WARN_UNUSED_VARIABLE = YES;
				IPHONEOS_DEPLOYMENT_TARGET = 7.1;
				MTL_ENABLE_DEBUG_INFO = YES;
				ONLY_ACTIVE_ARCH = YES;
				SDKROOT = iphoneos;
				SWIFT_OPTIMIZATION_LEVEL = "-Onone";
			};
			name = Debug;
		};
		BDC57BE71A0B91B600C1BFC0 /* Release */ = {
			isa = XCBuildConfiguration;
			buildSettings = {
				ALWAYS_SEARCH_USER_PATHS = NO;
				CLANG_CXX_LANGUAGE_STANDARD = "gnu++0x";
				CLANG_CXX_LIBRARY = "libc++";
				CLANG_ENABLE_MODULES = YES;
				CLANG_ENABLE_OBJC_ARC = YES;
				CLANG_WARN_BOOL_CONVERSION = YES;
				CLANG_WARN_CONSTANT_CONVERSION = YES;
				CLANG_WARN_DIRECT_OBJC_ISA_USAGE = YES_ERROR;
				CLANG_WARN_EMPTY_BODY = YES;
				CLANG_WARN_ENUM_CONVERSION = YES;
				CLANG_WARN_INT_CONVERSION = YES;
				CLANG_WARN_OBJC_ROOT_CLASS = YES_ERROR;
				CLANG_WARN_UNREACHABLE_CODE = YES;
				CLANG_WARN__DUPLICATE_METHOD_MATCH = YES;
				"CODE_SIGN_IDENTITY[sdk=iphoneos*]" = "iPhone Developer";
				COPY_PHASE_STRIP = YES;
				ENABLE_NS_ASSERTIONS = NO;
				ENABLE_STRICT_OBJC_MSGSEND = YES;
				GCC_C_LANGUAGE_STANDARD = gnu99;
				GCC_WARN_64_TO_32_BIT_CONVERSION = YES;
				GCC_WARN_ABOUT_RETURN_TYPE = YES_ERROR;
				GCC_WARN_UNDECLARED_SELECTOR = YES;
				GCC_WARN_UNINITIALIZED_AUTOS = YES_AGGRESSIVE;
				GCC_WARN_UNUSED_FUNCTION = YES;
				GCC_WARN_UNUSED_VARIABLE = YES;
				IPHONEOS_DEPLOYMENT_TARGET = 7.1;
				MTL_ENABLE_DEBUG_INFO = NO;
				SDKROOT = iphoneos;
				VALIDATE_PRODUCT = YES;
			};
			name = Release;
		};
		BDC57BE91A0B91B600C1BFC0 /* Debug */ = {
			isa = XCBuildConfiguration;
			baseConfigurationReference = 3CE9B77EDC36F913CD2E89E0 /* Pods-Sunsal.debug.xcconfig */;
			buildSettings = {
				ASSETCATALOG_COMPILER_APPICON_NAME = AppIcon;
				ASSETCATALOG_COMPILER_LAUNCHIMAGE_NAME = LaunchImage;
				CLANG_ENABLE_MODULES = YES;
				INFOPLIST_FILE = Sunsal/Info.plist;
				IPHONEOS_DEPLOYMENT_TARGET = 7.1;
				LD_RUNPATH_SEARCH_PATHS = "$(inherited) @executable_path/Frameworks";
				PRODUCT_NAME = "$(TARGET_NAME)";
				SWIFT_OBJC_BRIDGING_HEADER = "Sunsal/Sunsal-Bridging-Header.h";
				SWIFT_OPTIMIZATION_LEVEL = "-Onone";
			};
			name = Debug;
		};
		BDC57BEA1A0B91B600C1BFC0 /* Release */ = {
			isa = XCBuildConfiguration;
			baseConfigurationReference = 6371EE085A46692F8B135FEA /* Pods-Sunsal.release.xcconfig */;
			buildSettings = {
				ASSETCATALOG_COMPILER_APPICON_NAME = AppIcon;
				ASSETCATALOG_COMPILER_LAUNCHIMAGE_NAME = LaunchImage;
				CLANG_ENABLE_MODULES = YES;
				INFOPLIST_FILE = Sunsal/Info.plist;
				IPHONEOS_DEPLOYMENT_TARGET = 7.1;
				LD_RUNPATH_SEARCH_PATHS = "$(inherited) @executable_path/Frameworks";
				PRODUCT_NAME = "$(TARGET_NAME)";
				SWIFT_OBJC_BRIDGING_HEADER = "Sunsal/Sunsal-Bridging-Header.h";
			};
			name = Release;
		};
		BDC57BEC1A0B91B600C1BFC0 /* Debug */ = {
			isa = XCBuildConfiguration;
			buildSettings = {
				BUNDLE_LOADER = "$(TEST_HOST)";
				FRAMEWORK_SEARCH_PATHS = (
					"$(SDKROOT)/Developer/Library/Frameworks",
					"$(inherited)",
				);
				GCC_PREPROCESSOR_DEFINITIONS = (
					"DEBUG=1",
					"$(inherited)",
				);
				INFOPLIST_FILE = SunsalTests/Info.plist;
				LD_RUNPATH_SEARCH_PATHS = "$(inherited) @executable_path/Frameworks @loader_path/Frameworks";
				PRODUCT_NAME = "$(TARGET_NAME)";
				TEST_HOST = "$(BUILT_PRODUCTS_DIR)/Sunsal.app/Sunsal";
			};
			name = Debug;
		};
		BDC57BED1A0B91B600C1BFC0 /* Release */ = {
			isa = XCBuildConfiguration;
			buildSettings = {
				BUNDLE_LOADER = "$(TEST_HOST)";
				FRAMEWORK_SEARCH_PATHS = (
					"$(SDKROOT)/Developer/Library/Frameworks",
					"$(inherited)",
				);
				INFOPLIST_FILE = SunsalTests/Info.plist;
				LD_RUNPATH_SEARCH_PATHS = "$(inherited) @executable_path/Frameworks @loader_path/Frameworks";
				PRODUCT_NAME = "$(TARGET_NAME)";
				TEST_HOST = "$(BUILT_PRODUCTS_DIR)/Sunsal.app/Sunsal";
			};
			name = Release;
		};
/* End XCBuildConfiguration section */

/* Begin XCConfigurationList section */
		BDC57BC41A0B91B600C1BFC0 /* Build configuration list for PBXProject "Sunsal" */ = {
			isa = XCConfigurationList;
			buildConfigurations = (
				BDC57BE61A0B91B600C1BFC0 /* Debug */,
				BDC57BE71A0B91B600C1BFC0 /* Release */,
			);
			defaultConfigurationIsVisible = 0;
			defaultConfigurationName = Release;
		};
		BDC57BE81A0B91B600C1BFC0 /* Build configuration list for PBXNativeTarget "Sunsal" */ = {
			isa = XCConfigurationList;
			buildConfigurations = (
				BDC57BE91A0B91B600C1BFC0 /* Debug */,
				BDC57BEA1A0B91B600C1BFC0 /* Release */,
			);
			defaultConfigurationIsVisible = 0;
			defaultConfigurationName = Release;
		};
		BDC57BEB1A0B91B600C1BFC0 /* Build configuration list for PBXNativeTarget "SunsalTests" */ = {
			isa = XCConfigurationList;
			buildConfigurations = (
				BDC57BEC1A0B91B600C1BFC0 /* Debug */,
				BDC57BED1A0B91B600C1BFC0 /* Release */,
			);
			defaultConfigurationIsVisible = 0;
			defaultConfigurationName = Release;
		};
/* End XCConfigurationList section */
	};
	rootObject = BDC57BC11A0B91B600C1BFC0 /* Project object */;
}
